
Microsoft Visual Studio Solution File, Format Version 12.00
# Visual Studio Version 16
VisualStudioVersion = 25.0.1700.0
MinimumVisualStudioVersion = 10.0.40219.1
Project("{FAE04EC0-301F-11D3-BF4B-00C04F79EFBC}") = "RoutesStation", "RoutesStation\RoutesStation.csproj", "{75CDD4D8-4383-42F5-82BC-BD44BFFBA5DB}"
EndProject
Global
	GlobalSection(SolutionConfigurationPlatforms) = preSolution
		Debug|Any CPU = Debug|Any CPU
		Release|Any CPU = Release|Any CPU
	EndGlobalSection
	GlobalSection(ProjectConfigurationPlatforms) = postSolution
		{75CDD4D8-4383-42F5-82BC-BD44BFFBA5DB}.Debug|Any CPU.ActiveCfg = Debug|Any CPU
		{75CDD4D8-4383-42F5-82BC-BD44BFFBA5DB}.Debug|Any CPU.Build.0 = Debug|Any CPU
		{75CDD4D8-4383-42F5-82BC-BD44BFFBA5DB}.Release|Any CPU.ActiveCfg = Release|Any CPU
		{75CDD4D8-4383-42F5-82BC-BD44BFFBA5DB}.Release|Any CPU.Build.0 = Release|Any CPU
	EndGlobalSection
	GlobalSection(SolutionProperties) = preSolution
		HideSolutionNode = FALSE
	EndGlobalSection
	GlobalSection(ExtensibilityGlobals) = postSolution
		SolutionGuid = {11B4C6A1-FFF3-4DF0-A7DB-FC0047DD49DF}
	EndGlobalSection
EndGlobal
